
Microsoft Visual Studio Solution File, Format Version 12.00
# Visual Studio Version 17
VisualStudioVersion = 17.7.34009.444
MinimumVisualStudioVersion = 10.0.40219.1
Project("{2150E333-8FDC-42A3-9474-1A3956D46DE8}") = "Order", "Order", "{64E2A0C5-F317-4E74-A7D4-EFB61A2A380F}"
EndProject
Project("{2150E333-8FDC-42A3-9474-1A3956D46DE8}") = "Customer", "Customer", "{95DE9EBC-F544-4005-86ED-BC70E6138915}"
EndProject
Project("{2150E333-8FDC-42A3-9474-1A3956D46DE8}") = "Product", "Product", "{DC3826A1-029F-43A8-B4C1-E76740B8BB3E}"
EndProject
Project("{9A19103F-16F7-4668-BE54-9A1E7A4F7556}") = "eStore.Order.API", "Order\eStore.Order.API\eStore.Order.API.csproj", "{3E111042-398C-4424-9018-BEC9D1F184C6}"
EndProject
Project("{FAE04EC0-301F-11D3-BF4B-00C04F79EFBC}") = "eStore.Product.API", "product\eStore.Product.API\eStore.Product.API.csproj", "{7B5B6003-B771-40B5-938B-051291BE6D85}"
EndProject
Project("{FAE04EC0-301F-11D3-BF4B-00C04F79EFBC}") = "eStore.Customer.API", "customer\eStore.Customer.API\eStore.Customer.API.csproj", "{065F135B-E50B-40E0-9C11-88914C9A5E01}"
EndProject
Project("{FAE04EC0-301F-11D3-BF4B-00C04F79EFBC}") = "eStore.Order.Services", "order\eStore.Order.Services\eStore.Order.Services.csproj", "{8E324A07-6F89-4092-8943-CE81DBACFBB0}"
EndProject
Project("{FAE04EC0-301F-11D3-BF4B-00C04F79EFBC}") = "eStore.Order.Core", "order\eStore.Order.Core\eStore.Order.Core.csproj", "{D6FED49D-BFAA-40AB-BA3B-81B9B43A834B}"
EndProject
Project("{FAE04EC0-301F-11D3-BF4B-00C04F79EFBC}") = "eStore.Order.Data", "order\eStore.Order.Data\eStore.Order.Data.csproj", "{51BEFD74-19A6-4387-B920-CB7A22AE978B}"
EndProject
Project("{2150E333-8FDC-42A3-9474-1A3956D46DE8}") = "Tools", "Tools", "{870AED6B-062B-44B3-B69C-F6A0437D203B}"
EndProject
Project("{2150E333-8FDC-42A3-9474-1A3956D46DE8}") = "SagaOrchestrator", "SagaOrchestrator", "{8F204A17-15B9-45FC-80E8-00F41BCA6E11}"
EndProject
Project("{FAE04EC0-301F-11D3-BF4B-00C04F79EFBC}") = "eStore.Orchestrator", "Saga\eStore.Orchestrator\eStore.Orchestrator.csproj", "{C6F8C41F-0C21-4DFD-B80A-CF509E85621F}"
EndProject
Project("{2150E333-8FDC-42A3-9474-1A3956D46DE8}") = "Services", "Services", "{50F5EA5E-88D4-4C10-814A-AB3550DAFCA0}"
EndProject
Project("{2150E333-8FDC-42A3-9474-1A3956D46DE8}") = "ApiGateways", "ApiGateways", "{8E4AC09A-180F-4988-80B6-5404FD90609F}"
EndProject
Project("{FAE04EC0-301F-11D3-BF4B-00C04F79EFBC}") = "eStore.Ocelot.API", "apigateways\eStore.Ocelot.API\eStore.Ocelot.API\eStore.Ocelot.API.csproj", "{6E7DC455-9C3F-455B-A138-60E4368C8A5E}"
EndProject
Project("{FAE04EC0-301F-11D3-BF4B-00C04F79EFBC}") = "eStore.Shared", "eStore.Shared\eStore.Shared.csproj", "{E601B97B-46F0-4868-9520-1C42A9F244FB}"
EndProject
Project("{2150E333-8FDC-42A3-9474-1A3956D46DE8}") = "Identity", "Identity", "{930A5605-4C5C-42A7-A718-263E9AA32D71}"
EndProject
Project("{FAE04EC0-301F-11D3-BF4B-00C04F79EFBC}") = "eStore.IdentityService.Web", "Identity\eStore.IdentityService\eStore.IdentityService.Web.csproj", "{1C6F0653-0812-4B6F-98B1-21B9B912E102}"
EndProject
Project("{FAE04EC0-301F-11D3-BF4B-00C04F79EFBC}") = "eStore.IdentityService.Core", "Identity\eStore.IdentityService.Core\eStore.IdentityService.Core.csproj", "{7AAFEF55-32AD-4972-99A8-ABC0FE0B8CE4}"
EndProject
Global
	GlobalSection(SolutionConfigurationPlatforms) = preSolution
		Debug|Any CPU = Debug|Any CPU
		Release|Any CPU = Release|Any CPU
	EndGlobalSection
	GlobalSection(ProjectConfigurationPlatforms) = postSolution
		{3E111042-398C-4424-9018-BEC9D1F184C6}.Debug|Any CPU.ActiveCfg = Debug|Any CPU
		{3E111042-398C-4424-9018-BEC9D1F184C6}.Debug|Any CPU.Build.0 = Debug|Any CPU
		{3E111042-398C-4424-9018-BEC9D1F184C6}.Release|Any CPU.ActiveCfg = Release|Any CPU
		{3E111042-398C-4424-9018-BEC9D1F184C6}.Release|Any CPU.Build.0 = Release|Any CPU
		{7B5B6003-B771-40B5-938B-051291BE6D85}.Debug|Any CPU.ActiveCfg = Debug|Any CPU
		{7B5B6003-B771-40B5-938B-051291BE6D85}.Debug|Any CPU.Build.0 = Debug|Any CPU
		{7B5B6003-B771-40B5-938B-051291BE6D85}.Release|Any CPU.ActiveCfg = Release|Any CPU
		{7B5B6003-B771-40B5-938B-051291BE6D85}.Release|Any CPU.Build.0 = Release|Any CPU
		{065F135B-E50B-40E0-9C11-88914C9A5E01}.Debug|Any CPU.ActiveCfg = Debug|Any CPU
		{065F135B-E50B-40E0-9C11-88914C9A5E01}.Debug|Any CPU.Build.0 = Debug|Any CPU
		{065F135B-E50B-40E0-9C11-88914C9A5E01}.Release|Any CPU.ActiveCfg = Release|Any CPU
		{065F135B-E50B-40E0-9C11-88914C9A5E01}.Release|Any CPU.Build.0 = Release|Any CPU
		{8E324A07-6F89-4092-8943-CE81DBACFBB0}.Debug|Any CPU.ActiveCfg = Debug|Any CPU
		{8E324A07-6F89-4092-8943-CE81DBACFBB0}.Debug|Any CPU.Build.0 = Debug|Any CPU
		{8E324A07-6F89-4092-8943-CE81DBACFBB0}.Release|Any CPU.ActiveCfg = Release|Any CPU
		{8E324A07-6F89-4092-8943-CE81DBACFBB0}.Release|Any CPU.Build.0 = Release|Any CPU
		{D6FED49D-BFAA-40AB-BA3B-81B9B43A834B}.Debug|Any CPU.ActiveCfg = Debug|Any CPU
		{D6FED49D-BFAA-40AB-BA3B-81B9B43A834B}.Debug|Any CPU.Build.0 = Debug|Any CPU
		{D6FED49D-BFAA-40AB-BA3B-81B9B43A834B}.Release|Any CPU.ActiveCfg = Release|Any CPU
		{D6FED49D-BFAA-40AB-BA3B-81B9B43A834B}.Release|Any CPU.Build.0 = Release|Any CPU
		{51BEFD74-19A6-4387-B920-CB7A22AE978B}.Debug|Any CPU.ActiveCfg = Debug|Any CPU
		{51BEFD74-19A6-4387-B920-CB7A22AE978B}.Debug|Any CPU.Build.0 = Debug|Any CPU
		{51BEFD74-19A6-4387-B920-CB7A22AE978B}.Release|Any CPU.ActiveCfg = Release|Any CPU
		{51BEFD74-19A6-4387-B920-CB7A22AE978B}.Release|Any CPU.Build.0 = Release|Any CPU
		{C6F8C41F-0C21-4DFD-B80A-CF509E85621F}.Debug|Any CPU.ActiveCfg = Debug|Any CPU
		{C6F8C41F-0C21-4DFD-B80A-CF509E85621F}.Debug|Any CPU.Build.0 = Debug|Any CPU
		{C6F8C41F-0C21-4DFD-B80A-CF509E85621F}.Release|Any CPU.ActiveCfg = Release|Any CPU
		{C6F8C41F-0C21-4DFD-B80A-CF509E85621F}.Release|Any CPU.Build.0 = Release|Any CPU
		{6E7DC455-9C3F-455B-A138-60E4368C8A5E}.Debug|Any CPU.ActiveCfg = Debug|Any CPU
		{6E7DC455-9C3F-455B-A138-60E4368C8A5E}.Debug|Any CPU.Build.0 = Debug|Any CPU
		{6E7DC455-9C3F-455B-A138-60E4368C8A5E}.Release|Any CPU.ActiveCfg = Release|Any CPU
		{6E7DC455-9C3F-455B-A138-60E4368C8A5E}.Release|Any CPU.Build.0 = Release|Any CPU
		{E601B97B-46F0-4868-9520-1C42A9F244FB}.Debug|Any CPU.ActiveCfg = Debug|Any CPU
		{E601B97B-46F0-4868-9520-1C42A9F244FB}.Debug|Any CPU.Build.0 = Debug|Any CPU
		{E601B97B-46F0-4868-9520-1C42A9F244FB}.Release|Any CPU.ActiveCfg = Release|Any CPU
		{E601B97B-46F0-4868-9520-1C42A9F244FB}.Release|Any CPU.Build.0 = Release|Any CPU
		{1C6F0653-0812-4B6F-98B1-21B9B912E102}.Debug|Any CPU.ActiveCfg = Debug|Any CPU
		{1C6F0653-0812-4B6F-98B1-21B9B912E102}.Debug|Any CPU.Build.0 = Debug|Any CPU
		{1C6F0653-0812-4B6F-98B1-21B9B912E102}.Release|Any CPU.ActiveCfg = Release|Any CPU
		{1C6F0653-0812-4B6F-98B1-21B9B912E102}.Release|Any CPU.Build.0 = Release|Any CPU
		{7AAFEF55-32AD-4972-99A8-ABC0FE0B8CE4}.Debug|Any CPU.ActiveCfg = Debug|Any CPU
		{7AAFEF55-32AD-4972-99A8-ABC0FE0B8CE4}.Debug|Any CPU.Build.0 = Debug|Any CPU
		{7AAFEF55-32AD-4972-99A8-ABC0FE0B8CE4}.Release|Any CPU.ActiveCfg = Release|Any CPU
		{7AAFEF55-32AD-4972-99A8-ABC0FE0B8CE4}.Release|Any CPU.Build.0 = Release|Any CPU
	EndGlobalSection
	GlobalSection(SolutionProperties) = preSolution
		HideSolutionNode = FALSE
	EndGlobalSection
	GlobalSection(NestedProjects) = preSolution
		{64E2A0C5-F317-4E74-A7D4-EFB61A2A380F} = {50F5EA5E-88D4-4C10-814A-AB3550DAFCA0}
		{95DE9EBC-F544-4005-86ED-BC70E6138915} = {50F5EA5E-88D4-4C10-814A-AB3550DAFCA0}
		{DC3826A1-029F-43A8-B4C1-E76740B8BB3E} = {50F5EA5E-88D4-4C10-814A-AB3550DAFCA0}
		{3E111042-398C-4424-9018-BEC9D1F184C6} = {64E2A0C5-F317-4E74-A7D4-EFB61A2A380F}
		{7B5B6003-B771-40B5-938B-051291BE6D85} = {DC3826A1-029F-43A8-B4C1-E76740B8BB3E}
		{065F135B-E50B-40E0-9C11-88914C9A5E01} = {95DE9EBC-F544-4005-86ED-BC70E6138915}
		{8E324A07-6F89-4092-8943-CE81DBACFBB0} = {64E2A0C5-F317-4E74-A7D4-EFB61A2A380F}
		{D6FED49D-BFAA-40AB-BA3B-81B9B43A834B} = {64E2A0C5-F317-4E74-A7D4-EFB61A2A380F}
		{51BEFD74-19A6-4387-B920-CB7A22AE978B} = {64E2A0C5-F317-4E74-A7D4-EFB61A2A380F}
		{C6F8C41F-0C21-4DFD-B80A-CF509E85621F} = {8F204A17-15B9-45FC-80E8-00F41BCA6E11}
		{6E7DC455-9C3F-455B-A138-60E4368C8A5E} = {8E4AC09A-180F-4988-80B6-5404FD90609F}
		{E601B97B-46F0-4868-9520-1C42A9F244FB} = {870AED6B-062B-44B3-B69C-F6A0437D203B}
		{930A5605-4C5C-42A7-A718-263E9AA32D71} = {50F5EA5E-88D4-4C10-814A-AB3550DAFCA0}
		{1C6F0653-0812-4B6F-98B1-21B9B912E102} = {930A5605-4C5C-42A7-A718-263E9AA32D71}
		{7AAFEF55-32AD-4972-99A8-ABC0FE0B8CE4} = {930A5605-4C5C-42A7-A718-263E9AA32D71}
	EndGlobalSection
	GlobalSection(ExtensibilityGlobals) = postSolution
		SolutionGuid = {043EAC49-773B-42AC-B7FE-CDA7F0EDC6B8}
	EndGlobalSection
EndGlobal
