
Microsoft Visual Studio Solution File, Format Version 12.00
# Visual Studio Version 17
VisualStudioVersion = 17.7.34009.444
MinimumVisualStudioVersion = 10.0.40219.1
Project("{2150E333-8FDC-42A3-9474-1A3956D46DE8}") = "Order", "Order", "{64E2A0C5-F317-4E74-A7D4-EFB61A2A380F}"
EndProject
Project("{2150E333-8FDC-42A3-9474-1A3956D46DE8}") = "Customer", "Customer", "{95DE9EBC-F544-4005-86ED-BC70E6138915}"
EndProject
Project("{2150E333-8FDC-42A3-9474-1A3956D46DE8}") = "Product", "Product", "{DC3826A1-029F-43A8-B4C1-E76740B8BB3E}"
EndProject
Project("{2150E333-8FDC-42A3-9474-1A3956D46DE8}") = "Tools", "Tools", "{870AED6B-062B-44B3-B69C-F6A0437D203B}"
EndProject
Project("{2150E333-8FDC-42A3-9474-1A3956D46DE8}") = "SagaOrchestrator", "SagaOrchestrator", "{8F204A17-15B9-45FC-80E8-00F41BCA6E11}"
EndProject
Project("{9A19103F-16F7-4668-BE54-9A1E7A4F7556}") = "eStore.Orchestrator", "Saga\eStore.Orchestrator\eStore.Orchestrator.csproj", "{C6F8C41F-0C21-4DFD-B80A-CF509E85621F}"
EndProject
Project("{2150E333-8FDC-42A3-9474-1A3956D46DE8}") = "Services", "Services", "{50F5EA5E-88D4-4C10-814A-AB3550DAFCA0}"
EndProject
Project("{2150E333-8FDC-42A3-9474-1A3956D46DE8}") = "ApiGateways", "ApiGateways", "{8E4AC09A-180F-4988-80B6-5404FD90609F}"
EndProject
Project("{9A19103F-16F7-4668-BE54-9A1E7A4F7556}") = "eStore.Ocelot.API", "apigateways\eStore.Ocelot.API\eStore.Ocelot.API\eStore.Ocelot.API.csproj", "{6E7DC455-9C3F-455B-A138-60E4368C8A5E}"
EndProject
Project("{2150E333-8FDC-42A3-9474-1A3956D46DE8}") = "Identity", "Identity", "{930A5605-4C5C-42A7-A718-263E9AA32D71}"
EndProject
Project("{9A19103F-16F7-4668-BE54-9A1E7A4F7556}") = "eStore.Customer.API", "services\customer\eStore.Customer.API\eStore.Customer.API.csproj", "{E420A74D-BF6B-4F74-969E-EAFAB82F2F68}"
EndProject
Project("{9A19103F-16F7-4668-BE54-9A1E7A4F7556}") = "eStore.IdentityService.Web", "services\Identity\eStore.IdentityService\eStore.IdentityService.Web.csproj", "{BD3D4962-EA20-4D61-A564-C8790F81CE6F}"
EndProject
Project("{9A19103F-16F7-4668-BE54-9A1E7A4F7556}") = "eStore.IdentityService.Core", "services\Identity\eStore.IdentityService.Core\eStore.IdentityService.Core.csproj", "{F86EBB41-FF1F-4776-9716-D6C524844CF4}"
EndProject
Project("{9A19103F-16F7-4668-BE54-9A1E7A4F7556}") = "eStore.Order.API", "services\order\eStore.Order.API\eStore.Order.API.csproj", "{7EDC1999-D7D9-4478-9332-C5E4784949E2}"
EndProject
Project("{9A19103F-16F7-4668-BE54-9A1E7A4F7556}") = "eStore.Order.Core", "services\order\eStore.Order.Core\eStore.Order.Core.csproj", "{6E538E55-6758-4AE6-B15D-DDF0FA180831}"
EndProject
Project("{9A19103F-16F7-4668-BE54-9A1E7A4F7556}") = "eStore.Order.Data", "services\order\eStore.Order.Data\eStore.Order.Data.csproj", "{EA950156-216E-4D08-B22F-DE78484AC679}"
EndProject
Project("{9A19103F-16F7-4668-BE54-9A1E7A4F7556}") = "eStore.Order.Services", "services\order\eStore.Order.Services\eStore.Order.Services.csproj", "{96C865FD-81CB-4136-B3FF-C68862E3FA7D}"
EndProject
Project("{9A19103F-16F7-4668-BE54-9A1E7A4F7556}") = "eStore.Shared", "tools\eStore.Shared\eStore.Shared.csproj", "{7DA016C0-AD70-4941-B673-EC1616947029}"
EndProject
Project("{2150E333-8FDC-42A3-9474-1A3956D46DE8}") = "Basket", "Basket", "{8AAC2B88-F2DB-4B09-9EDE-222564120FC4}"
EndProject
Project("{9A19103F-16F7-4668-BE54-9A1E7A4F7556}") = "eStore.Basket.API", "basket\eStore.Basket.API\eStore.Basket.API.csproj", "{BC98B8DD-A375-4720-BDE8-0D9E2A77D976}"
EndProject
Project("{9A19103F-16F7-4668-BE54-9A1E7A4F7556}") = "eStore.Basket.Core", "basket\eStore.Basket.Core\eStore.Basket.Core.csproj", "{606D366D-1E52-4297-9873-C8C117F3AA0B}"
EndProject
Project("{9A19103F-16F7-4668-BE54-9A1E7A4F7556}") = "eStore.Basket.Data", "basket\eStore.Basket.Data\eStore.Basket.Data.csproj", "{46E54AED-6A0E-4142-88BF-822516E62852}"
EndProject
Project("{9A19103F-16F7-4668-BE54-9A1E7A4F7556}") = "eStore.Basket.Services", "basket\eStore.Basket.Services\eStore.Basket.Services.csproj", "{2CCAE58D-1408-4876-A37C-A3F56C5F3383}"
EndProject
Project("{9A19103F-16F7-4668-BE54-9A1E7A4F7556}") = "eStore.IdentityService.API", "services\Identity\eStore.IdentityService.API\eStore.IdentityService.API.csproj", "{4FE7BFE6-9948-4AA2-9970-FF620F9713D8}"
Project("{FAE04EC0-301F-11D3-BF4B-00C04F79EFBC}") = "eStore.Contracts", "tools\eStore.Contracts\eStore.Contracts.csproj", "{4D6ED805-6AC2-4C6D-B508-7EBA2A611840}"
EndProject
Global
	GlobalSection(SolutionConfigurationPlatforms) = preSolution
		Debug|Any CPU = Debug|Any CPU
		Release|Any CPU = Release|Any CPU
	EndGlobalSection
	GlobalSection(ProjectConfigurationPlatforms) = postSolution
		{C6F8C41F-0C21-4DFD-B80A-CF509E85621F}.Debug|Any CPU.ActiveCfg = Debug|Any CPU
		{C6F8C41F-0C21-4DFD-B80A-CF509E85621F}.Debug|Any CPU.Build.0 = Debug|Any CPU
		{C6F8C41F-0C21-4DFD-B80A-CF509E85621F}.Release|Any CPU.ActiveCfg = Release|Any CPU
		{C6F8C41F-0C21-4DFD-B80A-CF509E85621F}.Release|Any CPU.Build.0 = Release|Any CPU
		{6E7DC455-9C3F-455B-A138-60E4368C8A5E}.Debug|Any CPU.ActiveCfg = Debug|Any CPU
		{6E7DC455-9C3F-455B-A138-60E4368C8A5E}.Debug|Any CPU.Build.0 = Debug|Any CPU
		{6E7DC455-9C3F-455B-A138-60E4368C8A5E}.Release|Any CPU.ActiveCfg = Release|Any CPU
		{6E7DC455-9C3F-455B-A138-60E4368C8A5E}.Release|Any CPU.Build.0 = Release|Any CPU
		{E420A74D-BF6B-4F74-969E-EAFAB82F2F68}.Debug|Any CPU.ActiveCfg = Debug|Any CPU
		{E420A74D-BF6B-4F74-969E-EAFAB82F2F68}.Debug|Any CPU.Build.0 = Debug|Any CPU
		{E420A74D-BF6B-4F74-969E-EAFAB82F2F68}.Release|Any CPU.ActiveCfg = Release|Any CPU
		{E420A74D-BF6B-4F74-969E-EAFAB82F2F68}.Release|Any CPU.Build.0 = Release|Any CPU
		{BD3D4962-EA20-4D61-A564-C8790F81CE6F}.Debug|Any CPU.ActiveCfg = Debug|Any CPU
		{BD3D4962-EA20-4D61-A564-C8790F81CE6F}.Debug|Any CPU.Build.0 = Debug|Any CPU
		{BD3D4962-EA20-4D61-A564-C8790F81CE6F}.Release|Any CPU.ActiveCfg = Release|Any CPU
		{BD3D4962-EA20-4D61-A564-C8790F81CE6F}.Release|Any CPU.Build.0 = Release|Any CPU
		{F86EBB41-FF1F-4776-9716-D6C524844CF4}.Debug|Any CPU.ActiveCfg = Debug|Any CPU
		{F86EBB41-FF1F-4776-9716-D6C524844CF4}.Debug|Any CPU.Build.0 = Debug|Any CPU
		{F86EBB41-FF1F-4776-9716-D6C524844CF4}.Release|Any CPU.ActiveCfg = Release|Any CPU
		{F86EBB41-FF1F-4776-9716-D6C524844CF4}.Release|Any CPU.Build.0 = Release|Any CPU
		{7EDC1999-D7D9-4478-9332-C5E4784949E2}.Debug|Any CPU.ActiveCfg = Debug|Any CPU
		{7EDC1999-D7D9-4478-9332-C5E4784949E2}.Debug|Any CPU.Build.0 = Debug|Any CPU
		{7EDC1999-D7D9-4478-9332-C5E4784949E2}.Release|Any CPU.ActiveCfg = Release|Any CPU
		{7EDC1999-D7D9-4478-9332-C5E4784949E2}.Release|Any CPU.Build.0 = Release|Any CPU
		{6E538E55-6758-4AE6-B15D-DDF0FA180831}.Debug|Any CPU.ActiveCfg = Debug|Any CPU
		{6E538E55-6758-4AE6-B15D-DDF0FA180831}.Debug|Any CPU.Build.0 = Debug|Any CPU
		{6E538E55-6758-4AE6-B15D-DDF0FA180831}.Release|Any CPU.ActiveCfg = Release|Any CPU
		{6E538E55-6758-4AE6-B15D-DDF0FA180831}.Release|Any CPU.Build.0 = Release|Any CPU
		{EA950156-216E-4D08-B22F-DE78484AC679}.Debug|Any CPU.ActiveCfg = Debug|Any CPU
		{EA950156-216E-4D08-B22F-DE78484AC679}.Debug|Any CPU.Build.0 = Debug|Any CPU
		{EA950156-216E-4D08-B22F-DE78484AC679}.Release|Any CPU.ActiveCfg = Release|Any CPU
		{EA950156-216E-4D08-B22F-DE78484AC679}.Release|Any CPU.Build.0 = Release|Any CPU
		{96C865FD-81CB-4136-B3FF-C68862E3FA7D}.Debug|Any CPU.ActiveCfg = Debug|Any CPU
		{96C865FD-81CB-4136-B3FF-C68862E3FA7D}.Debug|Any CPU.Build.0 = Debug|Any CPU
		{96C865FD-81CB-4136-B3FF-C68862E3FA7D}.Release|Any CPU.ActiveCfg = Release|Any CPU
		{96C865FD-81CB-4136-B3FF-C68862E3FA7D}.Release|Any CPU.Build.0 = Release|Any CPU
		{7DA016C0-AD70-4941-B673-EC1616947029}.Debug|Any CPU.ActiveCfg = Debug|Any CPU
		{7DA016C0-AD70-4941-B673-EC1616947029}.Debug|Any CPU.Build.0 = Debug|Any CPU
		{7DA016C0-AD70-4941-B673-EC1616947029}.Release|Any CPU.ActiveCfg = Release|Any CPU
		{7DA016C0-AD70-4941-B673-EC1616947029}.Release|Any CPU.Build.0 = Release|Any CPU
		{BC98B8DD-A375-4720-BDE8-0D9E2A77D976}.Debug|Any CPU.ActiveCfg = Debug|Any CPU
		{BC98B8DD-A375-4720-BDE8-0D9E2A77D976}.Debug|Any CPU.Build.0 = Debug|Any CPU
		{BC98B8DD-A375-4720-BDE8-0D9E2A77D976}.Release|Any CPU.ActiveCfg = Release|Any CPU
		{BC98B8DD-A375-4720-BDE8-0D9E2A77D976}.Release|Any CPU.Build.0 = Release|Any CPU
		{606D366D-1E52-4297-9873-C8C117F3AA0B}.Debug|Any CPU.ActiveCfg = Debug|Any CPU
		{606D366D-1E52-4297-9873-C8C117F3AA0B}.Debug|Any CPU.Build.0 = Debug|Any CPU
		{606D366D-1E52-4297-9873-C8C117F3AA0B}.Release|Any CPU.ActiveCfg = Release|Any CPU
		{606D366D-1E52-4297-9873-C8C117F3AA0B}.Release|Any CPU.Build.0 = Release|Any CPU
		{46E54AED-6A0E-4142-88BF-822516E62852}.Debug|Any CPU.ActiveCfg = Debug|Any CPU
		{46E54AED-6A0E-4142-88BF-822516E62852}.Debug|Any CPU.Build.0 = Debug|Any CPU
		{46E54AED-6A0E-4142-88BF-822516E62852}.Release|Any CPU.ActiveCfg = Release|Any CPU
		{46E54AED-6A0E-4142-88BF-822516E62852}.Release|Any CPU.Build.0 = Release|Any CPU
		{2CCAE58D-1408-4876-A37C-A3F56C5F3383}.Debug|Any CPU.ActiveCfg = Debug|Any CPU
		{2CCAE58D-1408-4876-A37C-A3F56C5F3383}.Debug|Any CPU.Build.0 = Debug|Any CPU
		{2CCAE58D-1408-4876-A37C-A3F56C5F3383}.Release|Any CPU.ActiveCfg = Release|Any CPU
		{2CCAE58D-1408-4876-A37C-A3F56C5F3383}.Release|Any CPU.Build.0 = Release|Any CPU
		{4FE7BFE6-9948-4AA2-9970-FF620F9713D8}.Debug|Any CPU.ActiveCfg = Debug|Any CPU
		{4FE7BFE6-9948-4AA2-9970-FF620F9713D8}.Debug|Any CPU.Build.0 = Debug|Any CPU
		{4FE7BFE6-9948-4AA2-9970-FF620F9713D8}.Release|Any CPU.ActiveCfg = Release|Any CPU
		{4FE7BFE6-9948-4AA2-9970-FF620F9713D8}.Release|Any CPU.Build.0 = Release|Any CPU
		{4D6ED805-6AC2-4C6D-B508-7EBA2A611840}.Debug|Any CPU.ActiveCfg = Debug|Any CPU
		{4D6ED805-6AC2-4C6D-B508-7EBA2A611840}.Debug|Any CPU.Build.0 = Debug|Any CPU
		{4D6ED805-6AC2-4C6D-B508-7EBA2A611840}.Release|Any CPU.ActiveCfg = Release|Any CPU
		{4D6ED805-6AC2-4C6D-B508-7EBA2A611840}.Release|Any CPU.Build.0 = Release|Any CPU
	EndGlobalSection
	GlobalSection(SolutionProperties) = preSolution
		HideSolutionNode = FALSE
	EndGlobalSection
	GlobalSection(NestedProjects) = preSolution
		{64E2A0C5-F317-4E74-A7D4-EFB61A2A380F} = {50F5EA5E-88D4-4C10-814A-AB3550DAFCA0}
		{95DE9EBC-F544-4005-86ED-BC70E6138915} = {50F5EA5E-88D4-4C10-814A-AB3550DAFCA0}
		{DC3826A1-029F-43A8-B4C1-E76740B8BB3E} = {50F5EA5E-88D4-4C10-814A-AB3550DAFCA0}
		{C6F8C41F-0C21-4DFD-B80A-CF509E85621F} = {8F204A17-15B9-45FC-80E8-00F41BCA6E11}
		{6E7DC455-9C3F-455B-A138-60E4368C8A5E} = {8E4AC09A-180F-4988-80B6-5404FD90609F}
		{930A5605-4C5C-42A7-A718-263E9AA32D71} = {50F5EA5E-88D4-4C10-814A-AB3550DAFCA0}
		{E420A74D-BF6B-4F74-969E-EAFAB82F2F68} = {95DE9EBC-F544-4005-86ED-BC70E6138915}
		{BD3D4962-EA20-4D61-A564-C8790F81CE6F} = {930A5605-4C5C-42A7-A718-263E9AA32D71}
		{F86EBB41-FF1F-4776-9716-D6C524844CF4} = {930A5605-4C5C-42A7-A718-263E9AA32D71}
		{7EDC1999-D7D9-4478-9332-C5E4784949E2} = {64E2A0C5-F317-4E74-A7D4-EFB61A2A380F}
		{6E538E55-6758-4AE6-B15D-DDF0FA180831} = {64E2A0C5-F317-4E74-A7D4-EFB61A2A380F}
		{EA950156-216E-4D08-B22F-DE78484AC679} = {64E2A0C5-F317-4E74-A7D4-EFB61A2A380F}
		{96C865FD-81CB-4136-B3FF-C68862E3FA7D} = {64E2A0C5-F317-4E74-A7D4-EFB61A2A380F}
		{7DA016C0-AD70-4941-B673-EC1616947029} = {870AED6B-062B-44B3-B69C-F6A0437D203B}
		{8AAC2B88-F2DB-4B09-9EDE-222564120FC4} = {50F5EA5E-88D4-4C10-814A-AB3550DAFCA0}
		{BC98B8DD-A375-4720-BDE8-0D9E2A77D976} = {8AAC2B88-F2DB-4B09-9EDE-222564120FC4}
		{606D366D-1E52-4297-9873-C8C117F3AA0B} = {8AAC2B88-F2DB-4B09-9EDE-222564120FC4}
		{46E54AED-6A0E-4142-88BF-822516E62852} = {8AAC2B88-F2DB-4B09-9EDE-222564120FC4}
		{2CCAE58D-1408-4876-A37C-A3F56C5F3383} = {8AAC2B88-F2DB-4B09-9EDE-222564120FC4}
		{4FE7BFE6-9948-4AA2-9970-FF620F9713D8} = {930A5605-4C5C-42A7-A718-263E9AA32D71}
		{4D6ED805-6AC2-4C6D-B508-7EBA2A611840} = {870AED6B-062B-44B3-B69C-F6A0437D203B}
	EndGlobalSection
	GlobalSection(ExtensibilityGlobals) = postSolution
		SolutionGuid = {043EAC49-773B-42AC-B7FE-CDA7F0EDC6B8}
	EndGlobalSection
EndGlobal
